
Microsoft Visual Studio Solution File, Format Version 12.00
# Visual Studio Version 17
VisualStudioVersion = 17.0.31903.59
MinimumVisualStudioVersion = 10.0.40219.1
Project("{2150E333-8FDC-42A3-9474-1A3956D46DE8}") = "tests", "tests", "{0AB3BF05-4346-4AA6-1389-037BE0695223}"
EndProject
Project("{FAE04EC0-301F-11D3-BF4B-00C04F79EFBC}") = "NetLane.Architecture.Tests", "tests\NetLane.Architecture.Tests\NetLane.Architecture.Tests.csproj", "{D2850064-DD38-4C69-8DC4-A9905DF1C9EC}"
EndProject
Project("{2150E333-8FDC-42A3-9474-1A3956D46DE8}") = "src", "src", "{827E0CD3-B72D-47B6-A68D-7590B98EB39B}"
EndProject
Project("{FAE04EC0-301F-11D3-BF4B-00C04F79EFBC}") = "NetLane.Abstractions", "src\NetLane.Abstractions\NetLane.Abstractions.csproj", "{A66390BC-664A-4894-950C-FCD96E50AD97}"
EndProject
Project("{FAE04EC0-301F-11D3-BF4B-00C04F79EFBC}") = "NetLane.Core", "src\NetLane.Core\NetLane.Core.csproj", "{4FF1C1BE-E615-4409-AEDB-41176E867C6B}"
EndProject
Project("{FAE04EC0-301F-11D3-BF4B-00C04F79EFBC}") = "NetLane.Core.Tests", "tests\NetLane.Core.Tests\NetLane.Core.Tests.csproj", "{142941E4-33C6-4BA3-B26A-478C31CFEF5D}"
EndProject
Project("{FAE04EC0-301F-11D3-BF4B-00C04F79EFBC}") = "NetLane.Windows", "src\NetLane.Windows\NetLane.Windows.csproj", "{21DDFAE8-852F-46E8-8187-02564DE66732}"
EndProject
Project("{FAE04EC0-301F-11D3-BF4B-00C04F79EFBC}") = "NetLane.App", "src\NetLane.App\NetLane.App.csproj", "{0DE6515F-EC03-4AE9-BD81-4B3721D70BDE}"
EndProject
Global
	GlobalSection(SolutionConfigurationPlatforms) = preSolution
		Debug|Any CPU = Debug|Any CPU
		Debug|x64 = Debug|x64
		Debug|x86 = Debug|x86
		Release|Any CPU = Release|Any CPU
		Release|x64 = Release|x64
		Release|x86 = Release|x86
	EndGlobalSection
	GlobalSection(ProjectConfigurationPlatforms) = postSolution
		{D2850064-DD38-4C69-8DC4-A9905DF1C9EC}.Debug|Any CPU.ActiveCfg = Debug|Any CPU
		{D2850064-DD38-4C69-8DC4-A9905DF1C9EC}.Debug|Any CPU.Build.0 = Debug|Any CPU
		{D2850064-DD38-4C69-8DC4-A9905DF1C9EC}.Debug|x64.ActiveCfg = Debug|Any CPU
		{D2850064-DD38-4C69-8DC4-A9905DF1C9EC}.Debug|x64.Build.0 = Debug|Any CPU
		{D2850064-DD38-4C69-8DC4-A9905DF1C9EC}.Debug|x86.ActiveCfg = Debug|Any CPU
		{D2850064-DD38-4C69-8DC4-A9905DF1C9EC}.Debug|x86.Build.0 = Debug|Any CPU
		{D2850064-DD38-4C69-8DC4-A9905DF1C9EC}.Release|Any CPU.ActiveCfg = Release|Any CPU
		{D2850064-DD38-4C69-8DC4-A9905DF1C9EC}.Release|Any CPU.Build.0 = Release|Any CPU
		{D2850064-DD38-4C69-8DC4-A9905DF1C9EC}.Release|x64.ActiveCfg = Release|Any CPU
		{D2850064-DD38-4C69-8DC4-A9905DF1C9EC}.Release|x64.Build.0 = Release|Any CPU
		{D2850064-DD38-4C69-8DC4-A9905DF1C9EC}.Release|x86.ActiveCfg = Release|Any CPU
		{D2850064-DD38-4C69-8DC4-A9905DF1C9EC}.Release|x86.Build.0 = Release|Any CPU
		{A66390BC-664A-4894-950C-FCD96E50AD97}.Debug|Any CPU.ActiveCfg = Debug|Any CPU
		{A66390BC-664A-4894-950C-FCD96E50AD97}.Debug|Any CPU.Build.0 = Debug|Any CPU
		{A66390BC-664A-4894-950C-FCD96E50AD97}.Debug|x64.ActiveCfg = Debug|Any CPU
		{A66390BC-664A-4894-950C-FCD96E50AD97}.Debug|x64.Build.0 = Debug|Any CPU
		{A66390BC-664A-4894-950C-FCD96E50AD97}.Debug|x86.ActiveCfg = Debug|Any CPU
		{A66390BC-664A-4894-950C-FCD96E50AD97}.Debug|x86.Build.0 = Debug|Any CPU
		{A66390BC-664A-4894-950C-FCD96E50AD97}.Release|Any CPU.ActiveCfg = Release|Any CPU
		{A66390BC-664A-4894-950C-FCD96E50AD97}.Release|Any CPU.Build.0 = Release|Any CPU
		{A66390BC-664A-4894-950C-FCD96E50AD97}.Release|x64.ActiveCfg = Release|Any CPU
		{A66390BC-664A-4894-950C-FCD96E50AD97}.Release|x64.Build.0 = Release|Any CPU
		{A66390BC-664A-4894-950C-FCD96E50AD97}.Release|x86.ActiveCfg = Release|Any CPU
		{A66390BC-664A-4894-950C-FCD96E50AD97}.Release|x86.Build.0 = Release|Any CPU
		{4FF1C1BE-E615-4409-AEDB-41176E867C6B}.Debug|Any CPU.ActiveCfg = Debug|Any CPU
		{4FF1C1BE-E615-4409-AEDB-41176E867C6B}.Debug|Any CPU.Build.0 = Debug|Any CPU
		{4FF1C1BE-E615-4409-AEDB-41176E867C6B}.Debug|x64.ActiveCfg = Debug|Any CPU
		{4FF1C1BE-E615-4409-AEDB-41176E867C6B}.Debug|x64.Build.0 = Debug|Any CPU
		{4FF1C1BE-E615-4409-AEDB-41176E867C6B}.Debug|x86.ActiveCfg = Debug|Any CPU
		{4FF1C1BE-E615-4409-AEDB-41176E867C6B}.Debug|x86.Build.0 = Debug|Any CPU
		{4FF1C1BE-E615-4409-AEDB-41176E867C6B}.Release|Any CPU.ActiveCfg = Release|Any CPU
		{4FF1C1BE-E615-4409-AEDB-41176E867C6B}.Release|Any CPU.Build.0 = Release|Any CPU
		{4FF1C1BE-E615-4409-AEDB-41176E867C6B}.Release|x64.ActiveCfg = Release|Any CPU
		{4FF1C1BE-E615-4409-AEDB-41176E867C6B}.Release|x64.Build.0 = Release|Any CPU
		{4FF1C1BE-E615-4409-AEDB-41176E867C6B}.Release|x86.ActiveCfg = Release|Any CPU
		{4FF1C1BE-E615-4409-AEDB-41176E867C6B}.Release|x86.Build.0 = Release|Any CPU
		{142941E4-33C6-4BA3-B26A-478C31CFEF5D}.Debug|Any CPU.ActiveCfg = Debug|Any CPU
		{142941E4-33C6-4BA3-B26A-478C31CFEF5D}.Debug|Any CPU.Build.0 = Debug|Any CPU
		{142941E4-33C6-4BA3-B26A-478C31CFEF5D}.Debug|x64.ActiveCfg = Debug|Any CPU
		{142941E4-33C6-4BA3-B26A-478C31CFEF5D}.Debug|x64.Build.0 = Debug|Any CPU
		{142941E4-33C6-4BA3-B26A-478C31CFEF5D}.Debug|x86.ActiveCfg = Debug|Any CPU
		{142941E4-33C6-4BA3-B26A-478C31CFEF5D}.Debug|x86.Build.0 = Debug|Any CPU
		{142941E4-33C6-4BA3-B26A-478C31CFEF5D}.Release|Any CPU.ActiveCfg = Release|Any CPU
		{142941E4-33C6-4BA3-B26A-478C31CFEF5D}.Release|Any CPU.Build.0 = Release|Any CPU
		{142941E4-33C6-4BA3-B26A-478C31CFEF5D}.Release|x64.ActiveCfg = Release|Any CPU
		{142941E4-33C6-4BA3-B26A-478C31CFEF5D}.Release|x64.Build.0 = Release|Any CPU
		{142941E4-33C6-4BA3-B26A-478C31CFEF5D}.Release|x86.ActiveCfg = Release|Any CPU
		{142941E4-33C6-4BA3-B26A-478C31CFEF5D}.Release|x86.Build.0 = Release|Any CPU
		{21DDFAE8-852F-46E8-8187-02564DE66732}.Debug|Any CPU.ActiveCfg = Debug|x64
		{21DDFAE8-852F-46E8-8187-02564DE66732}.Debug|Any CPU.Build.0 = Debug|x64
		{21DDFAE8-852F-46E8-8187-02564DE66732}.Debug|x64.ActiveCfg = Debug|x64
		{21DDFAE8-852F-46E8-8187-02564DE66732}.Debug|x64.Build.0 = Debug|x64
		{21DDFAE8-852F-46E8-8187-02564DE66732}.Debug|x86.ActiveCfg = Debug|x64
		{21DDFAE8-852F-46E8-8187-02564DE66732}.Debug|x86.Build.0 = Debug|x64
		{21DDFAE8-852F-46E8-8187-02564DE66732}.Release|Any CPU.ActiveCfg = Release|x64
		{21DDFAE8-852F-46E8-8187-02564DE66732}.Release|Any CPU.Build.0 = Release|x64
		{21DDFAE8-852F-46E8-8187-02564DE66732}.Release|x64.ActiveCfg = Release|x64
		{21DDFAE8-852F-46E8-8187-02564DE66732}.Release|x64.Build.0 = Release|x64
		{21DDFAE8-852F-46E8-8187-02564DE66732}.Release|x86.ActiveCfg = Release|x64
		{21DDFAE8-852F-46E8-8187-02564DE66732}.Release|x86.Build.0 = Release|x64
		{0DE6515F-EC03-4AE9-BD81-4B3721D70BDE}.Debug|Any CPU.ActiveCfg = Debug|x64
		{0DE6515F-EC03-4AE9-BD81-4B3721D70BDE}.Debug|Any CPU.Build.0 = Debug|x64
		{0DE6515F-EC03-4AE9-BD81-4B3721D70BDE}.Debug|x64.ActiveCfg = Debug|x64
		{0DE6515F-EC03-4AE9-BD81-4B3721D70BDE}.Debug|x64.Build.0 = Debug|x64
		{0DE6515F-EC03-4AE9-BD81-4B3721D70BDE}.Debug|x86.ActiveCfg = Debug|x64
		{0DE6515F-EC03-4AE9-BD81-4B3721D70BDE}.Debug|x86.Build.0 = Debug|x64
		{0DE6515F-EC03-4AE9-BD81-4B3721D70BDE}.Release|Any CPU.ActiveCfg = Release|x64
		{0DE6515F-EC03-4AE9-BD81-4B3721D70BDE}.Release|Any CPU.Build.0 = Release|x64
		{0DE6515F-EC03-4AE9-BD81-4B3721D70BDE}.Release|x64.ActiveCfg = Release|x64
		{0DE6515F-EC03-4AE9-BD81-4B3721D70BDE}.Release|x64.Build.0 = Release|x64
		{0DE6515F-EC03-4AE9-BD81-4B3721D70BDE}.Release|x86.ActiveCfg = Release|x64
		{0DE6515F-EC03-4AE9-BD81-4B3721D70BDE}.Release|x86.Build.0 = Release|x64
	EndGlobalSection
	GlobalSection(SolutionProperties) = preSolution
		HideSolutionNode = FALSE
	EndGlobalSection
	GlobalSection(NestedProjects) = preSolution
		{D2850064-DD38-4C69-8DC4-A9905DF1C9EC} = {0AB3BF05-4346-4AA6-1389-037BE0695223}
		{A66390BC-664A-4894-950C-FCD96E50AD97} = {827E0CD3-B72D-47B6-A68D-7590B98EB39B}
		{4FF1C1BE-E615-4409-AEDB-41176E867C6B} = {827E0CD3-B72D-47B6-A68D-7590B98EB39B}
		{142941E4-33C6-4BA3-B26A-478C31CFEF5D} = {0AB3BF05-4346-4AA6-1389-037BE0695223}
		{21DDFAE8-852F-46E8-8187-02564DE66732} = {827E0CD3-B72D-47B6-A68D-7590B98EB39B}
		{0DE6515F-EC03-4AE9-BD81-4B3721D70BDE} = {827E0CD3-B72D-47B6-A68D-7590B98EB39B}
	EndGlobalSection
EndGlobal
